{
  "name": "axion-core",
  "lockfileVersion": 3,
  "requires": true,
  "packages": {
    "": {
      "name": "axion-core",
      "version": "1.0.0",
      "license": "MIT",
      "dependencies": {
        "three": "^0.167.1"
      }
    },
    "node_modules/es-abstract": {
      "version": "1.18.1",
      "resolved": "https://registry.npmjs.org/es-abstract/-/es-abstract-1.18.1.tgz",
      "integrity": "sha512-2lI6sO9Dq0/wLq3m2l3dI13m6K4wM7F7O1o2W4s4l6G1q7D2Q5v4d8A1fI5B1N2r6dF4kL5F4C2z2Z4v8a2d",
      "dependencies": {
        "es-bigint-to-int53": "^1.0.2",
        "es-callable": "^1.2.7",
        "es-function-prototype-keys": "^1.1.0",
        "es-to-integer": "^2.0.2",
        "es-weakset": "^2.0.3",
        "has-bigint": "^1.0.2",
        "has-symbols": "^1.0.4",
        "is-bigint": "^1.0.2",
        "is-callable": "^1.2.7",
        "is-date-object": "^1.0.5",
        "is-integer": "^1.0.8",
        "is-native-function": "^1.0.4",
        "is-symbol": "^1.0.4",
        "is-weakmap": "^2.0.3",
        "is-weakset": "^2.0.3",
        "set-intrinsic": "^2.2.3"
      }
    },
    "node_modules/es-bigint-to-int53": {
      "version": "1.0.2",
      "resolved": "https://registry.npmjs.org/es-bigint-to-int53/-/es-bigint-to-int53-1.0.2.tgz",
      "integrity": "sha512-W1g78352366v0236l5f4y2p4c4e3p2434f6r7c4p2434d2t2z2b4p8a6c4b2v4d2r6",
      "dependencies": {
        "has-bigint": "^1.0.2",
        "is-bigint": "^1.0.2"
      }
    },
    "node_modules/es-callable": {
      "version": "1.2.7",
      "resolved": "https://registry.npmjs.org/es-callable/-/es-callable-1.2.7.tgz",
      "integrity": "sha512-T+1pUo21Q8386b8Qn5PjF0/jF0g3t6t6t6t6t6t6t6t6t6t6t6t6t6t6t6t6t6t6t6t6t6t6t",
      "dependencies": {
        "is-callable": "^1.2.7"
      }
    },
    "node_modules/es-function-prototype-keys": {
      "version": "1.1.0",
      "resolved": "https://registry.npmjs.org/es-function-prototype-keys/-/es-function-prototype-keys-1.1.0.tgz",
      "integrity": "sha512-H2q81X2x30098e4c2t3e6l5c8e8f8g6g5t6t6t6t6t6t6t6t6t6t6t6t6t6t6t6t6t6t6t6t6t",
      "engines": {
        "node": ">=14"
      }
    },
    "node_modules/es-to-integer": {
      "version": "2.0.2",
      "resolved": "https://registry.npmjs.org/es-to-integer/-/es-to-integer-2.0.2.tgz",
      "integrity": "sha512-q46x89L5u6O4k34p41q2g4o4w4d4w4f4j4k4l4t2r2t2z2d2b4p8a6c4b2v4d2r6",
      "dependencies": {
        "is-integer": "^1.0.8"
      },
      "engines": {
        "node": ">=10"
      }
    },
    "node_modules/es-weakset": {
      "version": "2.0.3",
      "resolved": "https://registry.npmjs.org/es-weakset/-/es-weakset-2.0.3.tgz",
      "integrity": "sha512-82D92m5523l03d1b86s2p8z5f35d1r0t4o3r2p2k2l2n4b6d2d4f4t4l4d4z2r6a4d",
      "dependencies": {
        "set-intrinsic": "^2.2.3",
        "well-formed-string": "^2.0.3"
      },
      "engines": {
        "node": ">=10"
      }
    },
    "node_modules/has-bigint": {
      "version": "1.0.2",
      "resolved": "https://registry.npmjs.org/has-bigint/-/has-bigint-1.0.2.tgz",
      "integrity": "sha512-q2p5l6q2w7c3z2d2w2t3r2t2y4z4c4d4r4r4z2t2d2r4f4t4d4v4r4t2",
      "engines": {
        "node": ">=10.4.0"
      }
    },
    "node_modules/has-symbols": {
      "version": "1.0.4",
      "resolved": "https://registry.npmjs.org/has-symbols/-/has-symbols-1.0.4.tgz",
      "integrity": "sha512-Olw4pM27P01cEa1h/Yq9yK+J5m6t6t6t6t6t6t6t6t6t6t6t6t6t6t6t6t6t6t6t6t6t6t6t",
      "engines": {
        "node": ">=10.4.0"
      }
    },
    "node_modules/is-arrow-function": {
      "version": "1.0.5",
      "resolved": "https://registry.npmjs.org/is-arrow-function/-/is-arrow-function-1.0.5.tgz",
      "integrity": "sha512-oW93l6q7z3n2y2w2t2d2k4a6b6d6t6t6t6t6t6t6t6t6t6t6t6t6t6t6t6t6t6t6t6t",
      "dependencies": {
        "function-bind": "^1.2.1"
      },
      "engines": {
        "node": ">=4"
      }
    },
    "node_modules/is-async-function": {
      "version": "1.0.4",
      "resolved": "https://registry.npmjs.org/is-async-function/-/is-async-function-1.0.4.
